
Microsoft Visual Studio Solution File, Format Version 12.00
# Visual Studio 14
VisualStudioVersion = 14.0.25420.1
MinimumVisualStudioVersion = 10.0.40219.1
Project("{FAE04EC0-301F-11D3-BF4B-00C04F79EFBC}") = "Poizvedbe3", "Poizvedbe3.csproj", "{B04A6204-B125-49B3-B506-F785714B296A}"
EndProject
Global
	GlobalSection(SolutionConfigurationPlatforms) = preSolution
		Debug|Any CPU = Debug|Any CPU
		Release|Any CPU = Release|Any CPU
	EndGlobalSection
	GlobalSection(ProjectConfigurationPlatforms) = postSolution
		{B04A6204-B125-49B3-B506-F785714B296A}.Debug|Any CPU.ActiveCfg = Debug|Any CPU
		{B04A6204-B125-49B3-B506-F785714B296A}.Debug|Any CPU.Build.0 = Debug|Any CPU
		{B04A6204-B125-49B3-B506-F785714B296A}.Release|Any CPU.ActiveCfg = Release|Any CPU
		{B04A6204-B125-49B3-B506-F785714B296A}.Release|Any CPU.Build.0 = Release|Any CPU
	EndGlobalSection
	GlobalSection(SolutionProperties) = preSolution
		HideSolutionNode = FALSE
	EndGlobalSection
EndGlobal
