
Microsoft Visual Studio Solution File, Format Version 12.00
# Visual Studio 14
VisualStudioVersion = 14.0.25420.1
MinimumVisualStudioVersion = 10.0.40219.1
Project("{FAE04EC0-301F-11D3-BF4B-00C04F79EFBC}") = "Timer1", "Timer1.csproj", "{AE517D64-9AA4-4373-8AED-B1D2FB337246}"
EndProject
Global
	GlobalSection(SolutionConfigurationPlatforms) = preSolution
		Debug|Any CPU = Debug|Any CPU
		Release|Any CPU = Release|Any CPU
	EndGlobalSection
	GlobalSection(ProjectConfigurationPlatforms) = postSolution
		{AE517D64-9AA4-4373-8AED-B1D2FB337246}.Debug|Any CPU.ActiveCfg = Debug|Any CPU
		{AE517D64-9AA4-4373-8AED-B1D2FB337246}.Debug|Any CPU.Build.0 = Debug|Any CPU
		{AE517D64-9AA4-4373-8AED-B1D2FB337246}.Release|Any CPU.ActiveCfg = Release|Any CPU
		{AE517D64-9AA4-4373-8AED-B1D2FB337246}.Release|Any CPU.Build.0 = Release|Any CPU
	EndGlobalSection
	GlobalSection(SolutionProperties) = preSolution
		HideSolutionNode = FALSE
	EndGlobalSection
EndGlobal
